
Microsoft Visual Studio Solution File, Format Version 12.00
# Visual Studio 15
VisualStudioVersion = 15.0.28010.2016
MinimumVisualStudioVersion = 10.0.40219.1
Project("{FAE04EC0-301F-11D3-BF4B-00C04F79EFBC}") = "Generator.Bind", "src\Generator.Bind\Generator.Bind.csproj", "{31D19132-0000-0000-0000-000000000000}"
EndProject
Project("{FAE04EC0-301F-11D3-BF4B-00C04F79EFBC}") = "Generator.Convert", "src\Generator.Converter\Generator.Convert.csproj", "{5FDFF4B6-0000-0000-0000-000000000000}"
EndProject
Project("{FAE04EC0-301F-11D3-BF4B-00C04F79EFBC}") = "Generator.Rewrite", "src\Generator.Rewrite\Generator.Rewrite.csproj", "{C426C9D1-8857-4E52-BAC7-4C05EE6070AB}"
EndProject
Project("{FAE04EC0-301F-11D3-BF4B-00C04F79EFBC}") = "OpenTK", "src\OpenTK\OpenTK.csproj", "{A37A7E14-0000-0000-0000-000000000000}"
EndProject
Project("{FAE04EC0-301F-11D3-BF4B-00C04F79EFBC}") = "OpenTK.Android", "src\OpenTK\OpenTK.Android.csproj", "{1648ACE1-E7D0-41CB-9A0E-C2A9D76C13A9}"
EndProject
Project("{FAE04EC0-301F-11D3-BF4B-00C04F79EFBC}") = "OpenTK.iOS", "src\OpenTK\OpenTK.iOS.csproj", "{88368190-E3DF-4EBE-ACAA-7B1779F376CA}"
EndProject
Project("{FAE04EC0-301F-11D3-BF4B-00C04F79EFBC}") = "OpenTK.GLControl", "src\OpenTK.GLControl\OpenTK.GLControl.csproj", "{A625BE88-0000-0000-0000-000000000000}"
EndProject
Project("{FAE04EC0-301F-11D3-BF4B-00C04F79EFBC}") = "OpenTK.GLWidget", "src\OpenTK.GLWidget\OpenTK.GLWidget.csproj", "{A625BE87-0000-0000-0000-000000000000}"
EndProject
Project("{2150E333-8FDC-42A3-9474-1A3956D46DE8}") = "tests", "tests", "{1857BB8E-1A35-4EBF-9F6D-685F11DC025B}"
EndProject
Project("{2150E333-8FDC-42A3-9474-1A3956D46DE8}") = ".paket", ".paket", "{F1A57014-71CE-4032-A652-01B7E35E14DB}"
	ProjectSection(SolutionItems) = preProject
		paket.dependencies = paket.dependencies
		paket.lock = paket.lock
	EndProjectSection
EndProject
Project("{2150E333-8FDC-42A3-9474-1A3956D46DE8}") = "project", "project", "{5EEEC96B-BD2F-45B0-935D-19E9E6D7D969}"
	ProjectSection(SolutionItems) = preProject
		.gitignore = .gitignore
		build.fsx = build.fsx
		README.md = README.md
		RELEASE_NOTES.md = RELEASE_NOTES.md
	EndProjectSection
EndProject
Project("{F2A71F9B-5D33-465A-A702-920D77279786}") = "OpenTK.Tests", "tests\OpenTK.Tests\OpenTK.Tests.fsproj", "{6801C263-ADDA-4A7B-979D-649BCB5A1DF7}"
EndProject
Project("{F2A71F9B-5D33-465A-A702-920D77279786}") = "OpenTK.Tests.Integration", "tests\OpenTK.Tests.Integration\OpenTK.Tests.Integration.fsproj", "{522D9279-3ED6-475F-867A-6AE69A53C24A}"
EndProject
Project("{FAE04EC0-301F-11D3-BF4B-00C04F79EFBC}") = "OpenTK.Tests.Math", "tests\OpenTK.Tests.Math\OpenTK.Tests.Math.csproj", "{C2B07CD9-B388-4FC3-AF31-C648F7EA904E}"
EndProject
Project("{F2A71F9B-5D33-465A-A702-920D77279786}") = "OpenTK.Tests.Generators", "tests\OpenTK.Tests.Generators\OpenTK.Tests.Generators.fsproj", "{2B11AAEB-D8AC-4356-938F-532D720E0C30}"
EndProject
Project("{FAE04EC0-301F-11D3-BF4B-00C04F79EFBC}") = "MiniOpenTKWinForms", "src\MiniOpenTKWinForms\MiniOpenTKWinForms.csproj", "{43EBD500-B9A1-4671-92D6-35FB835CCA0F}"
EndProject
Project("{FAE04EC0-301F-11D3-BF4B-00C04F79EFBC}") = "BasicTriangle", "..\opentk-examples-master\src\BasicTriangle\BasicTriangle.csproj", "{82E18ED0-E9A4-4EF4-830C-AA497B8A70EF}"
EndProject
Project("{D954291E-2A0B-460D-934E-DC6B0785DB48}") = "MiniOpenTK_Core1", "src\OpenTK\MiniOpenTK_Core1.shproj", "{17B7FB0C-7638-4C89-AADF-F3835803CB17}"
EndProject
Project("{D954291E-2A0B-460D-934E-DC6B0785DB48}") = "MiniOpenTK_Core2", "src\OpenTK\MiniOpenTK_Core2.shproj", "{FF741509-C054-49D1-AA4F-C3E10BB2A63E}"
EndProject
Project("{2150E333-8FDC-42A3-9474-1A3956D46DE8}") = "builds", "builds", "{4D9DA694-9EF4-4A92-9449-F4DED77D1EF8}"
EndProject
Project("{2150E333-8FDC-42A3-9474-1A3956D46DE8}") = "NETSTD2", "NETSTD2", "{A13BC320-1CF8-4514-B550-ABFC3D02943F}"
EndProject
Project("{FAE04EC0-301F-11D3-BF4B-00C04F79EFBC}") = "MiniOpenTKCore1", "src\Builds\NETSTD2\MiniOpenTKCore1\MiniOpenTKCore1.csproj", "{AEC72FBF-5286-4AB9-A18A-26CED9499DE2}"
EndProject
Project("{2150E333-8FDC-42A3-9474-1A3956D46DE8}") = "Net20", "Net20", "{6446602F-7343-4184-AC08-8C4DEF8E5357}"
EndProject
Project("{FAE04EC0-301F-11D3-BF4B-00C04F79EFBC}") = "MiniOpenTKCore1", "src\Builds\Net20\MiniOpenTKCore1\MiniOpenTKCore1.csproj", "{D49440C2-785F-4BAC-9F2E-FC93603FA647}"
EndProject
Global
	GlobalSection(SharedMSBuildProjectFiles) = preSolution
		src\OpenTK\MiniOpenTK_Core1.projitems*{17b7fb0c-7638-4c89-aadf-f3835803cb17}*SharedItemsImports = 13
		src\OpenTK\MiniOpenTK_Core2.projitems*{43ebd500-b9a1-4671-92d6-35fb835cca0f}*SharedItemsImports = 4
		src\OpenTK\MiniOpenTK_Core1.projitems*{d49440c2-785f-4bac-9f2e-fc93603fa647}*SharedItemsImports = 4
		src\OpenTK\MiniOpenTK_Core2.projitems*{ff741509-c054-49d1-aa4f-c3e10bb2a63e}*SharedItemsImports = 13
	EndGlobalSection
	GlobalSection(SolutionConfigurationPlatforms) = preSolution
		Debug|Any CPU = Debug|Any CPU
		Release|Any CPU = Release|Any CPU
	EndGlobalSection
	GlobalSection(ProjectConfigurationPlatforms) = postSolution
		{31D19132-0000-0000-0000-000000000000}.Debug|Any CPU.ActiveCfg = Debug|Any CPU
		{31D19132-0000-0000-0000-000000000000}.Debug|Any CPU.Build.0 = Debug|Any CPU
		{31D19132-0000-0000-0000-000000000000}.Release|Any CPU.ActiveCfg = Release|Any CPU
		{31D19132-0000-0000-0000-000000000000}.Release|Any CPU.Build.0 = Release|Any CPU
		{5FDFF4B6-0000-0000-0000-000000000000}.Debug|Any CPU.ActiveCfg = Debug|Any CPU
		{5FDFF4B6-0000-0000-0000-000000000000}.Debug|Any CPU.Build.0 = Debug|Any CPU
		{5FDFF4B6-0000-0000-0000-000000000000}.Release|Any CPU.ActiveCfg = Release|Any CPU
		{5FDFF4B6-0000-0000-0000-000000000000}.Release|Any CPU.Build.0 = Release|Any CPU
		{C426C9D1-8857-4E52-BAC7-4C05EE6070AB}.Debug|Any CPU.ActiveCfg = Debug|Any CPU
		{C426C9D1-8857-4E52-BAC7-4C05EE6070AB}.Debug|Any CPU.Build.0 = Debug|Any CPU
		{C426C9D1-8857-4E52-BAC7-4C05EE6070AB}.Release|Any CPU.ActiveCfg = Release|Any CPU
		{C426C9D1-8857-4E52-BAC7-4C05EE6070AB}.Release|Any CPU.Build.0 = Release|Any CPU
		{A37A7E14-0000-0000-0000-000000000000}.Debug|Any CPU.ActiveCfg = Debug|Any CPU
		{A37A7E14-0000-0000-0000-000000000000}.Debug|Any CPU.Build.0 = Debug|Any CPU
		{A37A7E14-0000-0000-0000-000000000000}.Release|Any CPU.ActiveCfg = Release|Any CPU
		{A37A7E14-0000-0000-0000-000000000000}.Release|Any CPU.Build.0 = Release|Any CPU
		{1648ACE1-E7D0-41CB-9A0E-C2A9D76C13A9}.Debug|Any CPU.ActiveCfg = Debug|Any CPU
		{1648ACE1-E7D0-41CB-9A0E-C2A9D76C13A9}.Debug|Any CPU.Build.0 = Debug|Any CPU
		{1648ACE1-E7D0-41CB-9A0E-C2A9D76C13A9}.Release|Any CPU.ActiveCfg = Release|Any CPU
		{1648ACE1-E7D0-41CB-9A0E-C2A9D76C13A9}.Release|Any CPU.Build.0 = Release|Any CPU
		{88368190-E3DF-4EBE-ACAA-7B1779F376CA}.Debug|Any CPU.ActiveCfg = Debug|Any CPU
		{88368190-E3DF-4EBE-ACAA-7B1779F376CA}.Debug|Any CPU.Build.0 = Debug|Any CPU
		{88368190-E3DF-4EBE-ACAA-7B1779F376CA}.Release|Any CPU.ActiveCfg = Release|Any CPU
		{88368190-E3DF-4EBE-ACAA-7B1779F376CA}.Release|Any CPU.Build.0 = Release|Any CPU
		{A625BE88-0000-0000-0000-000000000000}.Debug|Any CPU.ActiveCfg = Debug|Any CPU
		{A625BE88-0000-0000-0000-000000000000}.Debug|Any CPU.Build.0 = Debug|Any CPU
		{A625BE88-0000-0000-0000-000000000000}.Release|Any CPU.ActiveCfg = Release|Any CPU
		{A625BE88-0000-0000-0000-000000000000}.Release|Any CPU.Build.0 = Release|Any CPU
		{A625BE87-0000-0000-0000-000000000000}.Debug|Any CPU.ActiveCfg = Debug|Any CPU
		{A625BE87-0000-0000-0000-000000000000}.Debug|Any CPU.Build.0 = Debug|Any CPU
		{A625BE87-0000-0000-0000-000000000000}.Release|Any CPU.ActiveCfg = Release|Any CPU
		{A625BE87-0000-0000-0000-000000000000}.Release|Any CPU.Build.0 = Release|Any CPU
		{6801C263-ADDA-4A7B-979D-649BCB5A1DF7}.Debug|Any CPU.ActiveCfg = Debug|Any CPU
		{6801C263-ADDA-4A7B-979D-649BCB5A1DF7}.Debug|Any CPU.Build.0 = Debug|Any CPU
		{6801C263-ADDA-4A7B-979D-649BCB5A1DF7}.Release|Any CPU.ActiveCfg = Release|Any CPU
		{6801C263-ADDA-4A7B-979D-649BCB5A1DF7}.Release|Any CPU.Build.0 = Release|Any CPU
		{522D9279-3ED6-475F-867A-6AE69A53C24A}.Debug|Any CPU.ActiveCfg = Debug|Any CPU
		{522D9279-3ED6-475F-867A-6AE69A53C24A}.Debug|Any CPU.Build.0 = Debug|Any CPU
		{522D9279-3ED6-475F-867A-6AE69A53C24A}.Release|Any CPU.ActiveCfg = Release|Any CPU
		{522D9279-3ED6-475F-867A-6AE69A53C24A}.Release|Any CPU.Build.0 = Release|Any CPU
		{C2B07CD9-B388-4FC3-AF31-C648F7EA904E}.Debug|Any CPU.ActiveCfg = Debug|Any CPU
		{C2B07CD9-B388-4FC3-AF31-C648F7EA904E}.Debug|Any CPU.Build.0 = Debug|Any CPU
		{C2B07CD9-B388-4FC3-AF31-C648F7EA904E}.Release|Any CPU.ActiveCfg = Release|Any CPU
		{C2B07CD9-B388-4FC3-AF31-C648F7EA904E}.Release|Any CPU.Build.0 = Release|Any CPU
		{2B11AAEB-D8AC-4356-938F-532D720E0C30}.Debug|Any CPU.ActiveCfg = Debug|Any CPU
		{2B11AAEB-D8AC-4356-938F-532D720E0C30}.Debug|Any CPU.Build.0 = Debug|Any CPU
		{2B11AAEB-D8AC-4356-938F-532D720E0C30}.Release|Any CPU.ActiveCfg = Release|Any CPU
		{2B11AAEB-D8AC-4356-938F-532D720E0C30}.Release|Any CPU.Build.0 = Release|Any CPU
		{43EBD500-B9A1-4671-92D6-35FB835CCA0F}.Debug|Any CPU.ActiveCfg = Debug|Any CPU
		{43EBD500-B9A1-4671-92D6-35FB835CCA0F}.Debug|Any CPU.Build.0 = Debug|Any CPU
		{43EBD500-B9A1-4671-92D6-35FB835CCA0F}.Release|Any CPU.ActiveCfg = Release|Any CPU
		{43EBD500-B9A1-4671-92D6-35FB835CCA0F}.Release|Any CPU.Build.0 = Release|Any CPU
		{82E18ED0-E9A4-4EF4-830C-AA497B8A70EF}.Debug|Any CPU.ActiveCfg = Debug|Any CPU
		{82E18ED0-E9A4-4EF4-830C-AA497B8A70EF}.Debug|Any CPU.Build.0 = Debug|Any CPU
		{82E18ED0-E9A4-4EF4-830C-AA497B8A70EF}.Release|Any CPU.ActiveCfg = Release|Any CPU
		{82E18ED0-E9A4-4EF4-830C-AA497B8A70EF}.Release|Any CPU.Build.0 = Release|Any CPU
		{AEC72FBF-5286-4AB9-A18A-26CED9499DE2}.Debug|Any CPU.ActiveCfg = Debug|Any CPU
		{AEC72FBF-5286-4AB9-A18A-26CED9499DE2}.Debug|Any CPU.Build.0 = Debug|Any CPU
		{AEC72FBF-5286-4AB9-A18A-26CED9499DE2}.Release|Any CPU.ActiveCfg = Release|Any CPU
		{AEC72FBF-5286-4AB9-A18A-26CED9499DE2}.Release|Any CPU.Build.0 = Release|Any CPU
		{D49440C2-785F-4BAC-9F2E-FC93603FA647}.Debug|Any CPU.ActiveCfg = Debug|Any CPU
		{D49440C2-785F-4BAC-9F2E-FC93603FA647}.Debug|Any CPU.Build.0 = Debug|Any CPU
		{D49440C2-785F-4BAC-9F2E-FC93603FA647}.Release|Any CPU.ActiveCfg = Release|Any CPU
		{D49440C2-785F-4BAC-9F2E-FC93603FA647}.Release|Any CPU.Build.0 = Release|Any CPU
	EndGlobalSection
	GlobalSection(SolutionProperties) = preSolution
		HideSolutionNode = FALSE
	EndGlobalSection
	GlobalSection(NestedProjects) = preSolution
		{6801C263-ADDA-4A7B-979D-649BCB5A1DF7} = {1857BB8E-1A35-4EBF-9F6D-685F11DC025B}
		{522D9279-3ED6-475F-867A-6AE69A53C24A} = {1857BB8E-1A35-4EBF-9F6D-685F11DC025B}
		{C2B07CD9-B388-4FC3-AF31-C648F7EA904E} = {1857BB8E-1A35-4EBF-9F6D-685F11DC025B}
		{2B11AAEB-D8AC-4356-938F-532D720E0C30} = {1857BB8E-1A35-4EBF-9F6D-685F11DC025B}
		{82E18ED0-E9A4-4EF4-830C-AA497B8A70EF} = {1857BB8E-1A35-4EBF-9F6D-685F11DC025B}
		{A13BC320-1CF8-4514-B550-ABFC3D02943F} = {4D9DA694-9EF4-4A92-9449-F4DED77D1EF8}
		{AEC72FBF-5286-4AB9-A18A-26CED9499DE2} = {A13BC320-1CF8-4514-B550-ABFC3D02943F}
		{6446602F-7343-4184-AC08-8C4DEF8E5357} = {4D9DA694-9EF4-4A92-9449-F4DED77D1EF8}
		{D49440C2-785F-4BAC-9F2E-FC93603FA647} = {6446602F-7343-4184-AC08-8C4DEF8E5357}
	EndGlobalSection
	GlobalSection(ExtensibilityGlobals) = postSolution
		SolutionGuid = {2E5408E2-D8EE-4B94-923F-E48F40323736}
	EndGlobalSection
EndGlobal
